// !$*UTF8*$!
{
	archiveVersion = 1;
	classes = {
	};
	objectVersion = 55;
	objects = {

/* Begin PBXBuildFile section */
		4B48178A27EE675E00FC08FF /* Russkiy.swift in Sources */ = {isa = PBXBuildFile; fileRef = 4B48178927EE675E00FC08FF /* Russkiy.swift */; };
		4B48178D27EEF22500FC08FF /* Game.swift in Sources */ = {isa = PBXBuildFile; fileRef = 4B48178C27EEF22500FC08FF /* Game.swift */; };
		4BA76F9927EBDC5F005CBAF5 /* main.swift in Sources */ = {isa = PBXBuildFile; fileRef = 4BA76F9827EBDC5F005CBAF5 /* main.swift */; };
		4BA76FA127EBDCA3005CBAF5 /* Fighter.swift in Sources */ = {isa = PBXBuildFile; fileRef = 4BA76FA027EBDCA3005CBAF5 /* Fighter.swift */; };
		4BA76FA327EC0996005CBAF5 /* Avarec.swift in Sources */ = {isa = PBXBuildFile; fileRef = 4BA76FA227EC0996005CBAF5 /* Avarec.swift */; };
		4BA76FA527EC09A5005CBAF5 /* Darginec.swift in Sources */ = {isa = PBXBuildFile; fileRef = 4BA76FA427EC09A5005CBAF5 /* Darginec.swift */; };
		4BA76FA727EC09B9005CBAF5 /* Lakec.swift in Sources */ = {isa = PBXBuildFile; fileRef = 4BA76FA627EC09B9005CBAF5 /* Lakec.swift */; };
		4BA76FA927EC09DD005CBAF5 /* Kymuk.swift in Sources */ = {isa = PBXBuildFile; fileRef = 4BA76FA827EC09DD005CBAF5 /* Kymuk.swift */; };
		4BDF3735285AB59600E00E1F /* Protocols.swift in Sources */ = {isa = PBXBuildFile; fileRef = 4BDF3734285AB59600E00E1F /* Protocols.swift */; };
		4BDF3737285AB5BE00E00E1F /* Extensions.swift in Sources */ = {isa = PBXBuildFile; fileRef = 4BDF3736285AB5BE00E00E1F /* Extensions.swift */; };
/* End PBXBuildFile section */

/* Begin PBXCopyFilesBuildPhase section */
		4BA76F9327EBDC5F005CBAF5 /* CopyFiles */ = {
			isa = PBXCopyFilesBuildPhase;
			buildActionMask = 2147483647;
			dstPath = /usr/share/man/man1/;
			dstSubfolderSpec = 0;
			files = (
			);
			runOnlyForDeploymentPostprocessing = 1;
		};
/* End PBXCopyFilesBuildPhase section */

/* Begin PBXFileReference section */
		4B48178927EE675E00FC08FF /* Russkiy.swift */ = {isa = PBXFileReference; lastKnownFileType = sourcecode.swift; path = Russkiy.swift; sourceTree = "<group>"; };
		4B48178C27EEF22500FC08FF /* Game.swift */ = {isa = PBXFileReference; lastKnownFileType = sourcecode.swift; path = Game.swift; sourceTree = "<group>"; };
		4BA76F9527EBDC5F005CBAF5 /* FighterClub_GTP */ = {isa = PBXFileReference; explicitFileType = "compiled.mach-o.executable"; includeInIndex = 0; path = FighterClub_GTP; sourceTree = BUILT_PRODUCTS_DIR; };
		4BA76F9827EBDC5F005CBAF5 /* main.swift */ = {isa = PBXFileReference; lastKnownFileType = sourcecode.swift; path = main.swift; sourceTree = "<group>"; };
		4BA76FA027EBDCA3005CBAF5 /* Fighter.swift */ = {isa = PBXFileReference; lastKnownFileType = sourcecode.swift; path = Fighter.swift; sourceTree = "<group>"; };
		4BA76FA227EC0996005CBAF5 /* Avarec.swift */ = {isa = PBXFileReference; lastKnownFileType = sourcecode.swift; path = Avarec.swift; sourceTree = "<group>"; };
		4BA76FA427EC09A5005CBAF5 /* Darginec.swift */ = {isa = PBXFileReference; lastKnownFileType = sourcecode.swift; path = Darginec.swift; sourceTree = "<group>"; };
		4BA76FA627EC09B9005CBAF5 /* Lakec.swift */ = {isa = PBXFileReference; lastKnownFileType = sourcecode.swift; path = Lakec.swift; sourceTree = "<group>"; };
		4BA76FA827EC09DD005CBAF5 /* Kymuk.swift */ = {isa = PBXFileReference; lastKnownFileType = sourcecode.swift; path = Kymuk.swift; sourceTree = "<group>"; };
		4BDF3734285AB59600E00E1F /* Protocols.swift */ = {isa = PBXFileReference; lastKnownFileType = sourcecode.swift; path = Protocols.swift; sourceTree = "<group>"; };
		4BDF3736285AB5BE00E00E1F /* Extensions.swift */ = {isa = PBXFileReference; lastKnownFileType = sourcecode.swift; path = Extensions.swift; sourceTree = "<group>"; };
/* End PBXFileReference section */

/* Begin PBXFrameworksBuildPhase section */
		4BA76F9227EBDC5F005CBAF5 /* Frameworks */ = {
			isa = PBXFrameworksBuildPhase;
			buildActionMask = 2147483647;
			files = (
			);
			runOnlyForDeploymentPostprocessing = 0;
		};
/* End PBXFrameworksBuildPhase section */

/* Begin PBXGroup section */
		4BA76F8C27EBDC5F005CBAF5 = {
			isa = PBXGroup;
			children = (
				4BA76F9727EBDC5F005CBAF5 /* FighterClub_GTP */,
				4BA76F9627EBDC5F005CBAF5 /* Products */,
			);
			sourceTree = "<group>";
		};
		4BA76F9627EBDC5F005CBAF5 /* Products */ = {
			isa = PBXGroup;
			children = (
				4BA76F9527EBDC5F005CBAF5 /* FighterClub_GTP */,
			);
			name = Products;
			sourceTree = "<group>";
		};
		4BA76F9727EBDC5F005CBAF5 /* FighterClub_GTP */ = {
			isa = PBXGroup;
			children = (
				4BA76F9827EBDC5F005CBAF5 /* main.swift */,
				4B48178C27EEF22500FC08FF /* Game.swift */,
				4BA76FA027EBDCA3005CBAF5 /* Fighter.swift */,
				4BDF3734285AB59600E00E1F /* Protocols.swift */,
				4BDF3736285AB5BE00E00E1F /* Extensions.swift */,
				4BA76F9F27EBDC6D005CBAF5 /* Fighters */,
			);
			path = FighterClub_GTP;
			sourceTree = "<group>";
		};
		4BA76F9F27EBDC6D005CBAF5 /* Fighters */ = {
			isa = PBXGroup;
			children = (
				4BA76FA227EC0996005CBAF5 /* Avarec.swift */,
				4BA76FA427EC09A5005CBAF5 /* Darginec.swift */,
				4BA76FA627EC09B9005CBAF5 /* Lakec.swift */,
				4BA76FA827EC09DD005CBAF5 /* Kymuk.swift */,
				4B48178927EE675E00FC08FF /* Russkiy.swift */,
			);
			path = Fighters;
			sourceTree = "<group>";
		};
/* End PBXGroup section */

/* Begin PBXNativeTarget section */
		4BA76F9427EBDC5F005CBAF5 /* FighterClub_GTP */ = {
			isa = PBXNativeTarget;
			buildConfigurationList = 4BA76F9C27EBDC5F005CBAF5 /* Build configuration list for PBXNativeTarget "FighterClub_GTP" */;
			buildPhases = (
				4BA76F9127EBDC5F005CBAF5 /* Sources */,
				4BA76F9227EBDC5F005CBAF5 /* Frameworks */,
				4BA76F9327EBDC5F005CBAF5 /* CopyFiles */,
			);
			buildRules = (
			);
			dependencies = (
			);
			name = FighterClub_GTP;
			productName = FighterClub_GTP;
			productReference = 4BA76F9527EBDC5F005CBAF5 /* FighterClub_GTP */;
			productType = "com.apple.product-type.tool";
		};
/* End PBXNativeTarget section */

/* Begin PBXProject section */
		4BA76F8D27EBDC5F005CBAF5 /* Project object */ = {
			isa = PBXProject;
			attributes = {
				BuildIndependentTargetsInParallel = 1;
				LastSwiftUpdateCheck = 1320;
				LastUpgradeCheck = 1340;
				TargetAttributes = {
					4BA76F9427EBDC5F005CBAF5 = {
						CreatedOnToolsVersion = 13.2.1;
					};
				};
			};
			buildConfigurationList = 4BA76F9027EBDC5F005CBAF5 /* Build configuration list for PBXProject "FighterClub_GTP" */;
			compatibilityVersion = "Xcode 13.0";
			developmentRegion = en;
			hasScannedForEncodings = 0;
			knownRegions = (
				en,
				Base,
			);
			mainGroup = 4BA76F8C27EBDC5F005CBAF5;
			productRefGroup = 4BA76F9627EBDC5F005CBAF5 /* Products */;
			projectDirPath = "";
			projectRoot = "";
			targets = (
				4BA76F9427EBDC5F005CBAF5 /* FighterClub_GTP */,
			);
		};
/* End PBXProject section */

/* Begin PBXSourcesBuildPhase section */
		4BA76F9127EBDC5F005CBAF5 /* Sources */ = {
			isa = PBXSourcesBuildPhase;
			buildActionMask = 2147483647;
			files = (
				4BA76FA727EC09B9005CBAF5 /* Lakec.swift in Sources */,
				4BA76F9927EBDC5F005CBAF5 /* main.swift in Sources */,
				4BA76FA327EC0996005CBAF5 /* Avarec.swift in Sources */,
				4BA76FA527EC09A5005CBAF5 /* Darginec.swift in Sources */,
				4BDF3735285AB59600E00E1F /* Protocols.swift in Sources */,
				4B48178A27EE675E00FC08FF /* Russkiy.swift in Sources */,
				4BA76FA127EBDCA3005CBAF5 /* Fighter.swift in Sources */,
				4BA76FA927EC09DD005CBAF5 /* Kymuk.swift in Sources */,
				4BDF3737285AB5BE00E00E1F /* Extensions.swift in Sources */,
				4B48178D27EEF22500FC08FF /* Game.swift in Sources */,
			);
			runOnlyForDeploymentPostprocessing = 0;
		};
/* End PBXSourcesBuildPhase section */

/* Begin XCBuildConfiguration section */
		4BA76F9A27EBDC5F005CBAF5 /* Debug */ = {
			isa = XCBuildConfiguration;
			buildSettings = {
				ALWAYS_SEARCH_USER_PATHS = NO;
				CLANG_ANALYZER_NONNULL = YES;
				CLANG_ANALYZER_NUMBER_OBJECT_CONVERSION = YES_AGGRESSIVE;
				CLANG_CXX_LANGUAGE_STANDARD = "gnu++17";
				CLANG_CXX_LIBRARY = "libc++";
				CLANG_ENABLE_MODULES = YES;
				CLANG_ENABLE_OBJC_ARC = YES;
				CLANG_ENABLE_OBJC_WEAK = YES;
				CLANG_WARN_BLOCK_CAPTURE_AUTORELEASING = YES;
				CLANG_WARN_BOOL_CONVERSION = YES;
				CLANG_WARN_COMMA = YES;
				CLANG_WARN_CONSTANT_CONVERSION = YES;
				CLANG_WARN_DEPRECATED_OBJC_IMPLEMENTATIONS = YES;
				CLANG_WARN_DIRECT_OBJC_ISA_USAGE = YES_ERROR;
				CLANG_WARN_DOCUMENTATION_COMMENTS = YES;
				CLANG_WARN_EMPTY_BODY = YES;
				CLANG_WARN_ENUM_CONVERSION = YES;
				CLANG_WARN_INFINITE_RECURSION = YES;
				CLANG_WARN_INT_CONVERSION = YES;
				CLANG_WARN_NON_LITERAL_NULL_CONVERSION = YES;
				CLANG_WARN_OBJC_IMPLICIT_RETAIN_SELF = YES;
				CLANG_WARN_OBJC_LITERAL_CONVERSION = YES;
				CLANG_WARN_OBJC_ROOT_CLASS = YES_ERROR;
				CLANG_WARN_QUOTED_INCLUDE_IN_FRAMEWORK_HEADER = YES;
				CLANG_WARN_RANGE_LOOP_ANALYSIS = YES;
				CLANG_WARN_STRICT_PROTOTYPES = YES;
				CLANG_WARN_SUSPICIOUS_MOVE = YES;
				CLANG_WARN_UNGUARDED_AVAILABILITY = YES_AGGRESSIVE;
				CLANG_WARN_UNREACHABLE_CODE = YES;
				CLANG_WARN__DUPLICATE_METHOD_MATCH = YES;
				COPY_PHASE_STRIP = NO;
				DEBUG_INFORMATION_FORMAT = dwarf;
				ENABLE_STRICT_OBJC_MSGSEND = YES;
				ENABLE_TESTABILITY = YES;
				GCC_C_LANGUAGE_STANDARD = gnu11;
				GCC_DYNAMIC_NO_PIC = NO;
				GCC_NO_COMMON_BLOCKS = YES;
				GCC_OPTIMIZATION_LEVEL = 0;
				GCC_PREPROCESSOR_DEFINITIONS = (
					"DEBUG=1",
					"$(inherited)",
				);
				GCC_WARN_64_TO_32_BIT_CONVERSION = YES;
				GCC_WARN_ABOUT_RETURN_TYPE = YES_ERROR;
				GCC_WARN_UNDECLARED_SELECTOR = YES;
				GCC_WARN_UNINITIALIZED_AUTOS = YES_AGGRESSIVE;
				GCC_WARN_UNUSED_FUNCTION = YES;
				GCC_WARN_UNUSED_VARIABLE = YES;
				MACOSX_DEPLOYMENT_TARGET = 12.1;
				MTL_ENABLE_DEBUG_INFO = INCLUDE_SOURCE;
				MTL_FAST_MATH = YES;
				ONLY_ACTIVE_ARCH = YES;
				SDKROOT = macosx;
				SWIFT_ACTIVE_COMPILATION_CONDITIONS = DEBUG;
				SWIFT_OPTIMIZATION_LEVEL = "-Onone";
			};
			name = Debug;
		};
		4BA76F9B27EBDC5F005CBAF5 /* Release */ = {
			isa = XCBuildConfiguration;
			buildSettings = {
				ALWAYS_SEARCH_USER_PATHS = NO;
				CLANG_ANALYZER_NONNULL = YES;
				CLANG_ANALYZER_NUMBER_OBJECT_CONVERSION = YES_AGGRESSIVE;
				CLANG_CXX_LANGUAGE_STANDARD = "gnu++17";
				CLANG_CXX_LIBRARY = "libc++";
				CLANG_ENABLE_MODULES = YES;
				CLANG_ENABLE_OBJC_ARC = YES;
				CLANG_ENABLE_OBJC_WEAK = YES;
				CLANG_WARN_BLOCK_CAPTURE_AUTORELEASING = YES;
				CLANG_WARN_BOOL_CONVERSION = YES;
				CLANG_WARN_COMMA = YES;
				CLANG_WARN_CONSTANT_CONVERSION = YES;
				CLANG_WARN_DEPRECATED_OBJC_IMPLEMENTATIONS = YES;
				CLANG_WARN_DIRECT_OBJC_ISA_USAGE = YES_ERROR;
				CLANG_WARN_DOCUMENTATION_COMMENTS = YES;
				CLANG_WARN_EMPTY_BODY = YES;
				CLANG_WARN_ENUM_CONVERSION = YES;
				CLANG_WARN_INFINITE_RECURSION = YES;
				CLANG_WARN_INT_CONVERSION = YES;
				CLANG_WARN_NON_LITERAL_NULL_CONVERSION = YES;
				CLANG_WARN_OBJC_IMPLICIT_RETAIN_SELF = YES;
				CLANG_WARN_OBJC_LITERAL_CONVERSION = YES;
				CLANG_WARN_OBJC_ROOT_CLASS = YES_ERROR;
				CLANG_WARN_QUOTED_INCLUDE_IN_FRAMEWORK_HEADER = YES;
				CLANG_WARN_RANGE_LOOP_ANALYSIS = YES;
				CLANG_WARN_STRICT_PROTOTYPES = YES;
				CLANG_WARN_SUSPICIOUS_MOVE = YES;
				CLANG_WARN_UNGUARDED_AVAILABILITY = YES_AGGRESSIVE;
				CLANG_WARN_UNREACHABLE_CODE = YES;
				CLANG_WARN__DUPLICATE_METHOD_MATCH = YES;
				COPY_PHASE_STRIP = NO;
				DEBUG_INFORMATION_FORMAT = "dwarf-with-dsym";
				ENABLE_NS_ASSERTIONS = NO;
				ENABLE_STRICT_OBJC_MSGSEND = YES;
				GCC_C_LANGUAGE_STANDARD = gnu11;
				GCC_NO_COMMON_BLOCKS = YES;
				GCC_WARN_64_TO_32_BIT_CONVERSION = YES;
				GCC_WARN_ABOUT_RETURN_TYPE = YES_ERROR;
				GCC_WARN_UNDECLARED_SELECTOR = YES;
				GCC_WARN_UNINITIALIZED_AUTOS = YES_AGGRESSIVE;
				GCC_WARN_UNUSED_FUNCTION = YES;
				GCC_WARN_UNUSED_VARIABLE = YES;
				MACOSX_DEPLOYMENT_TARGET = 12.1;
				MTL_ENABLE_DEBUG_INFO = NO;
				MTL_FAST_MATH = YES;
				SDKROOT = macosx;
				SWIFT_COMPILATION_MODE = wholemodule;
				SWIFT_OPTIMIZATION_LEVEL = "-O";
			};
			name = Release;
		};
		4BA76F9D27EBDC5F005CBAF5 /* Debug */ = {
			isa = XCBuildConfiguration;
			buildSettings = {
				CODE_SIGN_IDENTITY = "-";
				CODE_SIGN_STYLE = Automatic;
				PRODUCT_NAME = "$(TARGET_NAME)";
				SWIFT_VERSION = 5.0;
			};
			name = Debug;
		};
		4BA76F9E27EBDC5F005CBAF5 /* Release */ = {
			isa = XCBuildConfiguration;
			buildSettings = {
				CODE_SIGN_IDENTITY = "-";
				CODE_SIGN_STYLE = Automatic;
				PRODUCT_NAME = "$(TARGET_NAME)";
				SWIFT_VERSION = 5.0;
			};
			name = Release;
		};
/* End XCBuildConfiguration section */

/* Begin XCConfigurationList section */
		4BA76F9027EBDC5F005CBAF5 /* Build configuration list for PBXProject "FighterClub_GTP" */ = {
			isa = XCConfigurationList;
			buildConfigurations = (
				4BA76F9A27EBDC5F005CBAF5 /* Debug */,
				4BA76F9B27EBDC5F005CBAF5 /* Release */,
			);
			defaultConfigurationIsVisible = 0;
			defaultConfigurationName = Release;
		};
		4BA76F9C27EBDC5F005CBAF5 /* Build configuration list for PBXNativeTarget "FighterClub_GTP" */ = {
			isa = XCConfigurationList;
			buildConfigurations = (
				4BA76F9D27EBDC5F005CBAF5 /* Debug */,
				4BA76F9E27EBDC5F005CBAF5 /* Release */,
			);
			defaultConfigurationIsVisible = 0;
			defaultConfigurationName = Release;
		};
/* End XCConfigurationList section */
	};
	rootObject = 4BA76F8D27EBDC5F005CBAF5 /* Project object */;
}
